
Microsoft Visual Studio Solution File, Format Version 12.00
# Visual Studio Version 17
VisualStudioVersion = 17.2.32630.192
MinimumVisualStudioVersion = 10.0.40219.1
Project("{8BC9CEB8-8B4A-11D0-8D11-00A0C91BC942}") = "Komand_12", "Komand_12.vcxproj", "{CD220E1E-3170-4FFE-86AE-610AFDB41314}"
EndProject
Global
	GlobalSection(SolutionConfigurationPlatforms) = preSolution
		Debug|x64 = Debug|x64
		Debug|x86 = Debug|x86
		Release|x64 = Release|x64
		Release|x86 = Release|x86
	EndGlobalSection
	GlobalSection(ProjectConfigurationPlatforms) = postSolution
		{CD220E1E-3170-4FFE-86AE-610AFDB41314}.Debug|x64.ActiveCfg = Debug|x64
		{CD220E1E-3170-4FFE-86AE-610AFDB41314}.Debug|x64.Build.0 = Debug|x64
		{CD220E1E-3170-4FFE-86AE-610AFDB41314}.Debug|x86.ActiveCfg = Debug|Win32
		{CD220E1E-3170-4FFE-86AE-610AFDB41314}.Debug|x86.Build.0 = Debug|Win32
		{CD220E1E-3170-4FFE-86AE-610AFDB41314}.Release|x64.ActiveCfg = Release|x64
		{CD220E1E-3170-4FFE-86AE-610AFDB41314}.Release|x64.Build.0 = Release|x64
		{CD220E1E-3170-4FFE-86AE-610AFDB41314}.Release|x86.ActiveCfg = Release|Win32
		{CD220E1E-3170-4FFE-86AE-610AFDB41314}.Release|x86.Build.0 = Release|Win32
	EndGlobalSection
	GlobalSection(SolutionProperties) = preSolution
		HideSolutionNode = FALSE
	EndGlobalSection
	GlobalSection(ExtensibilityGlobals) = postSolution
		SolutionGuid = {6C21498A-9CBB-4DB1-9D39-DFAF9A70B06A}
	EndGlobalSection
EndGlobal
